
Microsoft Visual Studio Solution File, Format Version 12.00
# Visual Studio 15
VisualStudioVersion = 15.0.26228.12
MinimumVisualStudioVersion = 10.0.40219.1
Project("{2150E333-8FDC-42A3-9474-1A3956D46DE8}") = "Library", "Library", "{787FC5AF-BB9D-49A1-9295-E9A2E6569F67}"
EndProject
Project("{2150E333-8FDC-42A3-9474-1A3956D46DE8}") = "Extension", "Extension", "{CDF26596-2B59-4AE6-882C-54E338D32813}"
EndProject
Project("{2150E333-8FDC-42A3-9474-1A3956D46DE8}") = "Utility", "Utility", "{293F1207-F6A7-44BB-8CE5-B2FCF3FC4AE5}"
EndProject
Project("{9A19103F-16F7-4668-BE54-9A1E7A4F7556}") = "Chartoscope.Core.Events", "Extension\Chartoscope.Core.Events\Chartoscope.Core.Events.csproj", "{B9641811-E028-40A6-98A8-346783BA836C}"
EndProject
Project("{9A19103F-16F7-4668-BE54-9A1E7A4F7556}") = "Chartoscope.Core.Events.UnitTest", "Extension\Chartoscope.Core.Events.UnitTest\Chartoscope.Core.Events.UnitTest.csproj", "{ED414E43-A90C-4FBA-BF2D-8113765D5F0E}"
EndProject
Project("{9A19103F-16F7-4668-BE54-9A1E7A4F7556}") = "Chartoscope.Core.Indicators", "Extension\Chartoscope.Core.Indicators\Chartoscope.Core.Indicators.csproj", "{6250C081-13F2-4DD8-8069-29CB528057AE}"
EndProject
Project("{9A19103F-16F7-4668-BE54-9A1E7A4F7556}") = "Chartoscope.Core.Indicators.UnitTest", "Extension\Chartoscope.Core.Indicators.UnitTest\Chartoscope.Core.Indicators.UnitTest.csproj", "{E6C17A6A-02BF-4D79-B2FD-F14504FE028A}"
EndProject
Project("{9A19103F-16F7-4668-BE54-9A1E7A4F7556}") = "Chartoscope.Core.Patterns", "Extension\Chartoscope.Core.Patterns\Chartoscope.Core.Patterns.csproj", "{F318EAB1-A672-4CAB-99CB-43F025ABADDD}"
EndProject
Project("{2150E333-8FDC-42A3-9474-1A3956D46DE8}") = "Sandbox", "Sandbox", "{65F115C0-1CC1-4527-82D3-0E8B4B10285C}"
EndProject
Project("{9A19103F-16F7-4668-BE54-9A1E7A4F7556}") = "Chartoscope.Core.Library", "Library\Chartoscope.Core.Library\Chartoscope.Core.Library.csproj", "{2BCDBA83-BA7F-4519-A71C-75C7054CDFE7}"
EndProject
Project("{9A19103F-16F7-4668-BE54-9A1E7A4F7556}") = "Chartoscope.Core.Library.UnitTest", "Library\Chartoscope.Core.Library.UnitTest\Chartoscope.Core.Library.UnitTest.csproj", "{607C81F6-1EC3-429F-873C-AAA329696D19}"
EndProject
Project("{9A19103F-16F7-4668-BE54-9A1E7A4F7556}") = "Chartoscope.Core.Library.IntegrationTest", "Library\Chartoscope.Core.Library.IntegrationTest\Chartoscope.Core.Library.IntegrationTest.csproj", "{A0CD8EC2-4F1D-49CD-83E8-DD85AD9C8CFB}"
EndProject
Project("{2150E333-8FDC-42A3-9474-1A3956D46DE8}") = "Messaging", "Messaging", "{F8824E93-1FB7-42FE-A98D-9BBAC75468AE}"
EndProject
Project("{9A19103F-16F7-4668-BE54-9A1E7A4F7556}") = "Chartoscope.Core.Messaging", "Messaging\Chartoscope.Core.Messaging\Chartoscope.Core.Messaging.csproj", "{01A4297B-1939-4EF4-9386-A64A8BBC334B}"
EndProject
Project("{9A19103F-16F7-4668-BE54-9A1E7A4F7556}") = "Chartoscope.Core.Messaging.UnitTest", "Messaging\Chartoscope.Core.Messaging.UnitTest\Chartoscope.Core.Messaging.UnitTest.csproj", "{CC811727-EBC2-4641-AC7A-E4B7581D3DD2}"
EndProject
Project("{9A19103F-16F7-4668-BE54-9A1E7A4F7556}") = "Chartoscope.Beacon.Shell", "Sandbox\Chartoscope.Beacon.Shell\Chartoscope.Beacon.Shell.csproj", "{1179DC8E-B91D-4460-B0E0-1FFF620C2417}"
EndProject
Project("{9A19103F-16F7-4668-BE54-9A1E7A4F7556}") = "Chartoscope.Beacon.Web", "Sandbox\Chartoscope.Beacon.Web\Chartoscope.Beacon.Web.csproj", "{41B56CCA-6B13-4D12-A6BD-29AA19AC1A32}"
EndProject
Project("{9A19103F-16F7-4668-BE54-9A1E7A4F7556}") = "Acme.MarketFeed.WebAPI", "Utility\Acme.MarketFeed.WebAPI\Acme.MarketFeed.WebAPI.csproj", "{05423D07-3815-437C-AA01-5755637BA315}"
EndProject
Project("{9A19103F-16F7-4668-BE54-9A1E7A4F7556}") = "Chartoscope.Core.Common", "Chartoscope.Core.Common\Chartoscope.Core.Common.csproj", "{E5A3B787-96AC-4B0E-870A-D00F08AC5E5F}"
EndProject
Project("{9A19103F-16F7-4668-BE54-9A1E7A4F7556}") = "Oanda.MarketFeed.Console", "Utility\Oanda.MarketFeed.Console\Oanda.MarketFeed.Console.csproj", "{AF9BC0B3-3627-4150-8251-AC424A14A263}"
EndProject
Project("{9A19103F-16F7-4668-BE54-9A1E7A4F7556}") = "Oanda.MarketOrder.Console", "Utility\Oanda.MarketOrder.Console\Oanda.MarketOrder.Console.csproj", "{D2478D26-DDDC-42C1-8358-827FC7952700}"
EndProject
Project("{9A19103F-16F7-4668-BE54-9A1E7A4F7556}") = "Oanda.AccountManager.Console", "Utility\Oanda.MarketProfile.Console\Oanda.AccountManager.Console.csproj", "{047804E2-BA19-4E36-A6F6-D8DE5CCBA4CD}"
EndProject
Project("{9A19103F-16F7-4668-BE54-9A1E7A4F7556}") = "Chartoscope.Utility.RestClient", "Utility\Chartoscope.Utility.RestClient\Chartoscope.Utility.RestClient.csproj", "{43A47FC0-AFA8-4AE5-9090-52D1A0C4AFDE}"
EndProject
Project("{9A19103F-16F7-4668-BE54-9A1E7A4F7556}") = "Chartoscope.Utility.RestClient.UnitTest", "Utility\Chartoscope.Utility.RestClient.UnitTest\Chartoscope.Utility.RestClient.UnitTest.csproj", "{894C91DF-2747-46C9-B519-E2C5DB0EFD0C}"
EndProject
Project("{9A19103F-16F7-4668-BE54-9A1E7A4F7556}") = "Oanda.MarketFeed.BeaconProvider", "Utility\Oanda.MarketFeed.BeaconProvider\Oanda.MarketFeed.BeaconProvider.csproj", "{9BA67FCB-62C3-4AB6-9633-DE5AE375CAD0}"
EndProject
Project("{9A19103F-16F7-4668-BE54-9A1E7A4F7556}") = "Chartoscope.Beacon.Common", "Sandbox\Chartoscope.Beacon.Common\Chartoscope.Beacon.Common.csproj", "{E380987F-E9C4-4F62-9056-6A759A905C78}"
EndProject
Project("{9A19103F-16F7-4668-BE54-9A1E7A4F7556}") = "Oanda.Common.Data", "Utility\Oanda.Common.Data\Oanda.Common.Data.csproj", "{3D3C50A1-D6DA-4EE5-82E5-C3BBEB9B9693}"
EndProject
Project("{9A19103F-16F7-4668-BE54-9A1E7A4F7556}") = "Oanda.MarketFeed.BeaconProvider.IntegrationTest", "Utility\Oanda.MarketFeed.BeaconProvider.IntegrationTest\Oanda.MarketFeed.BeaconProvider.IntegrationTest.csproj", "{19A336D9-16F9-4EE4-BE67-715CFF7A92B4}"
EndProject
Project("{9A19103F-16F7-4668-BE54-9A1E7A4F7556}") = "Chartoscope.Beacon.Shell.UnitTest", "Sandbox\Chartoscope.Beacon.Shell.UnitTest\Chartoscope.Beacon.Shell.UnitTest.csproj", "{D5CF76B4-9A2B-4291-A3C0-4E8074626C8A}"
EndProject
Global
	GlobalSection(SolutionConfigurationPlatforms) = preSolution
		Debug|Any CPU = Debug|Any CPU
		Debug|x64 = Debug|x64
		Debug|x86 = Debug|x86
		Release|Any CPU = Release|Any CPU
		Release|x64 = Release|x64
		Release|x86 = Release|x86
	EndGlobalSection
	GlobalSection(ProjectConfigurationPlatforms) = postSolution
		{B9641811-E028-40A6-98A8-346783BA836C}.Debug|Any CPU.ActiveCfg = Debug|Any CPU
		{B9641811-E028-40A6-98A8-346783BA836C}.Debug|Any CPU.Build.0 = Debug|Any CPU
		{B9641811-E028-40A6-98A8-346783BA836C}.Debug|x64.ActiveCfg = Debug|Any CPU
		{B9641811-E028-40A6-98A8-346783BA836C}.Debug|x64.Build.0 = Debug|Any CPU
		{B9641811-E028-40A6-98A8-346783BA836C}.Debug|x86.ActiveCfg = Debug|Any CPU
		{B9641811-E028-40A6-98A8-346783BA836C}.Debug|x86.Build.0 = Debug|Any CPU
		{B9641811-E028-40A6-98A8-346783BA836C}.Release|Any CPU.ActiveCfg = Release|Any CPU
		{B9641811-E028-40A6-98A8-346783BA836C}.Release|Any CPU.Build.0 = Release|Any CPU
		{B9641811-E028-40A6-98A8-346783BA836C}.Release|x64.ActiveCfg = Release|Any CPU
		{B9641811-E028-40A6-98A8-346783BA836C}.Release|x64.Build.0 = Release|Any CPU
		{B9641811-E028-40A6-98A8-346783BA836C}.Release|x86.ActiveCfg = Release|Any CPU
		{B9641811-E028-40A6-98A8-346783BA836C}.Release|x86.Build.0 = Release|Any CPU
		{ED414E43-A90C-4FBA-BF2D-8113765D5F0E}.Debug|Any CPU.ActiveCfg = Debug|Any CPU
		{ED414E43-A90C-4FBA-BF2D-8113765D5F0E}.Debug|Any CPU.Build.0 = Debug|Any CPU
		{ED414E43-A90C-4FBA-BF2D-8113765D5F0E}.Debug|x64.ActiveCfg = Debug|Any CPU
		{ED414E43-A90C-4FBA-BF2D-8113765D5F0E}.Debug|x64.Build.0 = Debug|Any CPU
		{ED414E43-A90C-4FBA-BF2D-8113765D5F0E}.Debug|x86.ActiveCfg = Debug|Any CPU
		{ED414E43-A90C-4FBA-BF2D-8113765D5F0E}.Debug|x86.Build.0 = Debug|Any CPU
		{ED414E43-A90C-4FBA-BF2D-8113765D5F0E}.Release|Any CPU.ActiveCfg = Release|Any CPU
		{ED414E43-A90C-4FBA-BF2D-8113765D5F0E}.Release|Any CPU.Build.0 = Release|Any CPU
		{ED414E43-A90C-4FBA-BF2D-8113765D5F0E}.Release|x64.ActiveCfg = Release|Any CPU
		{ED414E43-A90C-4FBA-BF2D-8113765D5F0E}.Release|x64.Build.0 = Release|Any CPU
		{ED414E43-A90C-4FBA-BF2D-8113765D5F0E}.Release|x86.ActiveCfg = Release|Any CPU
		{ED414E43-A90C-4FBA-BF2D-8113765D5F0E}.Release|x86.Build.0 = Release|Any CPU
		{6250C081-13F2-4DD8-8069-29CB528057AE}.Debug|Any CPU.ActiveCfg = Debug|Any CPU
		{6250C081-13F2-4DD8-8069-29CB528057AE}.Debug|Any CPU.Build.0 = Debug|Any CPU
		{6250C081-13F2-4DD8-8069-29CB528057AE}.Debug|x64.ActiveCfg = Debug|Any CPU
		{6250C081-13F2-4DD8-8069-29CB528057AE}.Debug|x64.Build.0 = Debug|Any CPU
		{6250C081-13F2-4DD8-8069-29CB528057AE}.Debug|x86.ActiveCfg = Debug|Any CPU
		{6250C081-13F2-4DD8-8069-29CB528057AE}.Debug|x86.Build.0 = Debug|Any CPU
		{6250C081-13F2-4DD8-8069-29CB528057AE}.Release|Any CPU.ActiveCfg = Release|Any CPU
		{6250C081-13F2-4DD8-8069-29CB528057AE}.Release|Any CPU.Build.0 = Release|Any CPU
		{6250C081-13F2-4DD8-8069-29CB528057AE}.Release|x64.ActiveCfg = Release|Any CPU
		{6250C081-13F2-4DD8-8069-29CB528057AE}.Release|x64.Build.0 = Release|Any CPU
		{6250C081-13F2-4DD8-8069-29CB528057AE}.Release|x86.ActiveCfg = Release|Any CPU
		{6250C081-13F2-4DD8-8069-29CB528057AE}.Release|x86.Build.0 = Release|Any CPU
		{E6C17A6A-02BF-4D79-B2FD-F14504FE028A}.Debug|Any CPU.ActiveCfg = Debug|Any CPU
		{E6C17A6A-02BF-4D79-B2FD-F14504FE028A}.Debug|Any CPU.Build.0 = Debug|Any CPU
		{E6C17A6A-02BF-4D79-B2FD-F14504FE028A}.Debug|x64.ActiveCfg = Debug|Any CPU
		{E6C17A6A-02BF-4D79-B2FD-F14504FE028A}.Debug|x64.Build.0 = Debug|Any CPU
		{E6C17A6A-02BF-4D79-B2FD-F14504FE028A}.Debug|x86.ActiveCfg = Debug|Any CPU
		{E6C17A6A-02BF-4D79-B2FD-F14504FE028A}.Debug|x86.Build.0 = Debug|Any CPU
		{E6C17A6A-02BF-4D79-B2FD-F14504FE028A}.Release|Any CPU.ActiveCfg = Release|Any CPU
		{E6C17A6A-02BF-4D79-B2FD-F14504FE028A}.Release|Any CPU.Build.0 = Release|Any CPU
		{E6C17A6A-02BF-4D79-B2FD-F14504FE028A}.Release|x64.ActiveCfg = Release|Any CPU
		{E6C17A6A-02BF-4D79-B2FD-F14504FE028A}.Release|x64.Build.0 = Release|Any CPU
		{E6C17A6A-02BF-4D79-B2FD-F14504FE028A}.Release|x86.ActiveCfg = Release|Any CPU
		{E6C17A6A-02BF-4D79-B2FD-F14504FE028A}.Release|x86.Build.0 = Release|Any CPU
		{F318EAB1-A672-4CAB-99CB-43F025ABADDD}.Debug|Any CPU.ActiveCfg = Debug|Any CPU
		{F318EAB1-A672-4CAB-99CB-43F025ABADDD}.Debug|Any CPU.Build.0 = Debug|Any CPU
		{F318EAB1-A672-4CAB-99CB-43F025ABADDD}.Debug|x64.ActiveCfg = Debug|Any CPU
		{F318EAB1-A672-4CAB-99CB-43F025ABADDD}.Debug|x64.Build.0 = Debug|Any CPU
		{F318EAB1-A672-4CAB-99CB-43F025ABADDD}.Debug|x86.ActiveCfg = Debug|Any CPU
		{F318EAB1-A672-4CAB-99CB-43F025ABADDD}.Debug|x86.Build.0 = Debug|Any CPU
		{F318EAB1-A672-4CAB-99CB-43F025ABADDD}.Release|Any CPU.ActiveCfg = Release|Any CPU
		{F318EAB1-A672-4CAB-99CB-43F025ABADDD}.Release|Any CPU.Build.0 = Release|Any CPU
		{F318EAB1-A672-4CAB-99CB-43F025ABADDD}.Release|x64.ActiveCfg = Release|Any CPU
		{F318EAB1-A672-4CAB-99CB-43F025ABADDD}.Release|x64.Build.0 = Release|Any CPU
		{F318EAB1-A672-4CAB-99CB-43F025ABADDD}.Release|x86.ActiveCfg = Release|Any CPU
		{F318EAB1-A672-4CAB-99CB-43F025ABADDD}.Release|x86.Build.0 = Release|Any CPU
		{2BCDBA83-BA7F-4519-A71C-75C7054CDFE7}.Debug|Any CPU.ActiveCfg = Debug|Any CPU
		{2BCDBA83-BA7F-4519-A71C-75C7054CDFE7}.Debug|Any CPU.Build.0 = Debug|Any CPU
		{2BCDBA83-BA7F-4519-A71C-75C7054CDFE7}.Debug|x64.ActiveCfg = Debug|Any CPU
		{2BCDBA83-BA7F-4519-A71C-75C7054CDFE7}.Debug|x64.Build.0 = Debug|Any CPU
		{2BCDBA83-BA7F-4519-A71C-75C7054CDFE7}.Debug|x86.ActiveCfg = Debug|Any CPU
		{2BCDBA83-BA7F-4519-A71C-75C7054CDFE7}.Debug|x86.Build.0 = Debug|Any CPU
		{2BCDBA83-BA7F-4519-A71C-75C7054CDFE7}.Release|Any CPU.ActiveCfg = Release|Any CPU
		{2BCDBA83-BA7F-4519-A71C-75C7054CDFE7}.Release|Any CPU.Build.0 = Release|Any CPU
		{2BCDBA83-BA7F-4519-A71C-75C7054CDFE7}.Release|x64.ActiveCfg = Release|Any CPU
		{2BCDBA83-BA7F-4519-A71C-75C7054CDFE7}.Release|x64.Build.0 = Release|Any CPU
		{2BCDBA83-BA7F-4519-A71C-75C7054CDFE7}.Release|x86.ActiveCfg = Release|Any CPU
		{2BCDBA83-BA7F-4519-A71C-75C7054CDFE7}.Release|x86.Build.0 = Release|Any CPU
		{607C81F6-1EC3-429F-873C-AAA329696D19}.Debug|Any CPU.ActiveCfg = Debug|Any CPU
		{607C81F6-1EC3-429F-873C-AAA329696D19}.Debug|Any CPU.Build.0 = Debug|Any CPU
		{607C81F6-1EC3-429F-873C-AAA329696D19}.Debug|x64.ActiveCfg = Debug|Any CPU
		{607C81F6-1EC3-429F-873C-AAA329696D19}.Debug|x64.Build.0 = Debug|Any CPU
		{607C81F6-1EC3-429F-873C-AAA329696D19}.Debug|x86.ActiveCfg = Debug|Any CPU
		{607C81F6-1EC3-429F-873C-AAA329696D19}.Debug|x86.Build.0 = Debug|Any CPU
		{607C81F6-1EC3-429F-873C-AAA329696D19}.Release|Any CPU.ActiveCfg = Release|Any CPU
		{607C81F6-1EC3-429F-873C-AAA329696D19}.Release|Any CPU.Build.0 = Release|Any CPU
		{607C81F6-1EC3-429F-873C-AAA329696D19}.Release|x64.ActiveCfg = Release|Any CPU
		{607C81F6-1EC3-429F-873C-AAA329696D19}.Release|x64.Build.0 = Release|Any CPU
		{607C81F6-1EC3-429F-873C-AAA329696D19}.Release|x86.ActiveCfg = Release|Any CPU
		{607C81F6-1EC3-429F-873C-AAA329696D19}.Release|x86.Build.0 = Release|Any CPU
		{A0CD8EC2-4F1D-49CD-83E8-DD85AD9C8CFB}.Debug|Any CPU.ActiveCfg = Debug|Any CPU
		{A0CD8EC2-4F1D-49CD-83E8-DD85AD9C8CFB}.Debug|Any CPU.Build.0 = Debug|Any CPU
		{A0CD8EC2-4F1D-49CD-83E8-DD85AD9C8CFB}.Debug|x64.ActiveCfg = Debug|Any CPU
		{A0CD8EC2-4F1D-49CD-83E8-DD85AD9C8CFB}.Debug|x64.Build.0 = Debug|Any CPU
		{A0CD8EC2-4F1D-49CD-83E8-DD85AD9C8CFB}.Debug|x86.ActiveCfg = Debug|Any CPU
		{A0CD8EC2-4F1D-49CD-83E8-DD85AD9C8CFB}.Debug|x86.Build.0 = Debug|Any CPU
		{A0CD8EC2-4F1D-49CD-83E8-DD85AD9C8CFB}.Release|Any CPU.ActiveCfg = Release|Any CPU
		{A0CD8EC2-4F1D-49CD-83E8-DD85AD9C8CFB}.Release|Any CPU.Build.0 = Release|Any CPU
		{A0CD8EC2-4F1D-49CD-83E8-DD85AD9C8CFB}.Release|x64.ActiveCfg = Release|Any CPU
		{A0CD8EC2-4F1D-49CD-83E8-DD85AD9C8CFB}.Release|x64.Build.0 = Release|Any CPU
		{A0CD8EC2-4F1D-49CD-83E8-DD85AD9C8CFB}.Release|x86.ActiveCfg = Release|Any CPU
		{A0CD8EC2-4F1D-49CD-83E8-DD85AD9C8CFB}.Release|x86.Build.0 = Release|Any CPU
		{01A4297B-1939-4EF4-9386-A64A8BBC334B}.Debug|Any CPU.ActiveCfg = Debug|Any CPU
		{01A4297B-1939-4EF4-9386-A64A8BBC334B}.Debug|Any CPU.Build.0 = Debug|Any CPU
		{01A4297B-1939-4EF4-9386-A64A8BBC334B}.Debug|x64.ActiveCfg = Debug|Any CPU
		{01A4297B-1939-4EF4-9386-A64A8BBC334B}.Debug|x64.Build.0 = Debug|Any CPU
		{01A4297B-1939-4EF4-9386-A64A8BBC334B}.Debug|x86.ActiveCfg = Debug|Any CPU
		{01A4297B-1939-4EF4-9386-A64A8BBC334B}.Debug|x86.Build.0 = Debug|Any CPU
		{01A4297B-1939-4EF4-9386-A64A8BBC334B}.Release|Any CPU.ActiveCfg = Release|Any CPU
		{01A4297B-1939-4EF4-9386-A64A8BBC334B}.Release|Any CPU.Build.0 = Release|Any CPU
		{01A4297B-1939-4EF4-9386-A64A8BBC334B}.Release|x64.ActiveCfg = Release|Any CPU
		{01A4297B-1939-4EF4-9386-A64A8BBC334B}.Release|x64.Build.0 = Release|Any CPU
		{01A4297B-1939-4EF4-9386-A64A8BBC334B}.Release|x86.ActiveCfg = Release|Any CPU
		{01A4297B-1939-4EF4-9386-A64A8BBC334B}.Release|x86.Build.0 = Release|Any CPU
		{CC811727-EBC2-4641-AC7A-E4B7581D3DD2}.Debug|Any CPU.ActiveCfg = Debug|Any CPU
		{CC811727-EBC2-4641-AC7A-E4B7581D3DD2}.Debug|Any CPU.Build.0 = Debug|Any CPU
		{CC811727-EBC2-4641-AC7A-E4B7581D3DD2}.Debug|x64.ActiveCfg = Debug|Any CPU
		{CC811727-EBC2-4641-AC7A-E4B7581D3DD2}.Debug|x64.Build.0 = Debug|Any CPU
		{CC811727-EBC2-4641-AC7A-E4B7581D3DD2}.Debug|x86.ActiveCfg = Debug|Any CPU
		{CC811727-EBC2-4641-AC7A-E4B7581D3DD2}.Debug|x86.Build.0 = Debug|Any CPU
		{CC811727-EBC2-4641-AC7A-E4B7581D3DD2}.Release|Any CPU.ActiveCfg = Release|Any CPU
		{CC811727-EBC2-4641-AC7A-E4B7581D3DD2}.Release|Any CPU.Build.0 = Release|Any CPU
		{CC811727-EBC2-4641-AC7A-E4B7581D3DD2}.Release|x64.ActiveCfg = Release|Any CPU
		{CC811727-EBC2-4641-AC7A-E4B7581D3DD2}.Release|x64.Build.0 = Release|Any CPU
		{CC811727-EBC2-4641-AC7A-E4B7581D3DD2}.Release|x86.ActiveCfg = Release|Any CPU
		{CC811727-EBC2-4641-AC7A-E4B7581D3DD2}.Release|x86.Build.0 = Release|Any CPU
		{1179DC8E-B91D-4460-B0E0-1FFF620C2417}.Debug|Any CPU.ActiveCfg = Debug|Any CPU
		{1179DC8E-B91D-4460-B0E0-1FFF620C2417}.Debug|Any CPU.Build.0 = Debug|Any CPU
		{1179DC8E-B91D-4460-B0E0-1FFF620C2417}.Debug|x64.ActiveCfg = Debug|Any CPU
		{1179DC8E-B91D-4460-B0E0-1FFF620C2417}.Debug|x64.Build.0 = Debug|Any CPU
		{1179DC8E-B91D-4460-B0E0-1FFF620C2417}.Debug|x86.ActiveCfg = Debug|Any CPU
		{1179DC8E-B91D-4460-B0E0-1FFF620C2417}.Debug|x86.Build.0 = Debug|Any CPU
		{1179DC8E-B91D-4460-B0E0-1FFF620C2417}.Release|Any CPU.ActiveCfg = Release|Any CPU
		{1179DC8E-B91D-4460-B0E0-1FFF620C2417}.Release|Any CPU.Build.0 = Release|Any CPU
		{1179DC8E-B91D-4460-B0E0-1FFF620C2417}.Release|x64.ActiveCfg = Release|Any CPU
		{1179DC8E-B91D-4460-B0E0-1FFF620C2417}.Release|x64.Build.0 = Release|Any CPU
		{1179DC8E-B91D-4460-B0E0-1FFF620C2417}.Release|x86.ActiveCfg = Release|Any CPU
		{1179DC8E-B91D-4460-B0E0-1FFF620C2417}.Release|x86.Build.0 = Release|Any CPU
		{41B56CCA-6B13-4D12-A6BD-29AA19AC1A32}.Debug|Any CPU.ActiveCfg = Debug|Any CPU
		{41B56CCA-6B13-4D12-A6BD-29AA19AC1A32}.Debug|Any CPU.Build.0 = Debug|Any CPU
		{41B56CCA-6B13-4D12-A6BD-29AA19AC1A32}.Debug|x64.ActiveCfg = Debug|Any CPU
		{41B56CCA-6B13-4D12-A6BD-29AA19AC1A32}.Debug|x64.Build.0 = Debug|Any CPU
		{41B56CCA-6B13-4D12-A6BD-29AA19AC1A32}.Debug|x86.ActiveCfg = Debug|Any CPU
		{41B56CCA-6B13-4D12-A6BD-29AA19AC1A32}.Debug|x86.Build.0 = Debug|Any CPU
		{41B56CCA-6B13-4D12-A6BD-29AA19AC1A32}.Release|Any CPU.ActiveCfg = Release|Any CPU
		{41B56CCA-6B13-4D12-A6BD-29AA19AC1A32}.Release|Any CPU.Build.0 = Release|Any CPU
		{41B56CCA-6B13-4D12-A6BD-29AA19AC1A32}.Release|x64.ActiveCfg = Release|Any CPU
		{41B56CCA-6B13-4D12-A6BD-29AA19AC1A32}.Release|x64.Build.0 = Release|Any CPU
		{41B56CCA-6B13-4D12-A6BD-29AA19AC1A32}.Release|x86.ActiveCfg = Release|Any CPU
		{41B56CCA-6B13-4D12-A6BD-29AA19AC1A32}.Release|x86.Build.0 = Release|Any CPU
		{05423D07-3815-437C-AA01-5755637BA315}.Debug|Any CPU.ActiveCfg = Debug|Any CPU
		{05423D07-3815-437C-AA01-5755637BA315}.Debug|Any CPU.Build.0 = Debug|Any CPU
		{05423D07-3815-437C-AA01-5755637BA315}.Debug|x64.ActiveCfg = Debug|Any CPU
		{05423D07-3815-437C-AA01-5755637BA315}.Debug|x64.Build.0 = Debug|Any CPU
		{05423D07-3815-437C-AA01-5755637BA315}.Debug|x86.ActiveCfg = Debug|Any CPU
		{05423D07-3815-437C-AA01-5755637BA315}.Debug|x86.Build.0 = Debug|Any CPU
		{05423D07-3815-437C-AA01-5755637BA315}.Release|Any CPU.ActiveCfg = Release|Any CPU
		{05423D07-3815-437C-AA01-5755637BA315}.Release|Any CPU.Build.0 = Release|Any CPU
		{05423D07-3815-437C-AA01-5755637BA315}.Release|x64.ActiveCfg = Release|Any CPU
		{05423D07-3815-437C-AA01-5755637BA315}.Release|x64.Build.0 = Release|Any CPU
		{05423D07-3815-437C-AA01-5755637BA315}.Release|x86.ActiveCfg = Release|Any CPU
		{05423D07-3815-437C-AA01-5755637BA315}.Release|x86.Build.0 = Release|Any CPU
		{E5A3B787-96AC-4B0E-870A-D00F08AC5E5F}.Debug|Any CPU.ActiveCfg = Debug|Any CPU
		{E5A3B787-96AC-4B0E-870A-D00F08AC5E5F}.Debug|Any CPU.Build.0 = Debug|Any CPU
		{E5A3B787-96AC-4B0E-870A-D00F08AC5E5F}.Debug|x64.ActiveCfg = Debug|Any CPU
		{E5A3B787-96AC-4B0E-870A-D00F08AC5E5F}.Debug|x64.Build.0 = Debug|Any CPU
		{E5A3B787-96AC-4B0E-870A-D00F08AC5E5F}.Debug|x86.ActiveCfg = Debug|Any CPU
		{E5A3B787-96AC-4B0E-870A-D00F08AC5E5F}.Debug|x86.Build.0 = Debug|Any CPU
		{E5A3B787-96AC-4B0E-870A-D00F08AC5E5F}.Release|Any CPU.ActiveCfg = Release|Any CPU
		{E5A3B787-96AC-4B0E-870A-D00F08AC5E5F}.Release|Any CPU.Build.0 = Release|Any CPU
		{E5A3B787-96AC-4B0E-870A-D00F08AC5E5F}.Release|x64.ActiveCfg = Release|Any CPU
		{E5A3B787-96AC-4B0E-870A-D00F08AC5E5F}.Release|x64.Build.0 = Release|Any CPU
		{E5A3B787-96AC-4B0E-870A-D00F08AC5E5F}.Release|x86.ActiveCfg = Release|Any CPU
		{E5A3B787-96AC-4B0E-870A-D00F08AC5E5F}.Release|x86.Build.0 = Release|Any CPU
		{AF9BC0B3-3627-4150-8251-AC424A14A263}.Debug|Any CPU.ActiveCfg = Debug|Any CPU
		{AF9BC0B3-3627-4150-8251-AC424A14A263}.Debug|Any CPU.Build.0 = Debug|Any CPU
		{AF9BC0B3-3627-4150-8251-AC424A14A263}.Debug|x64.ActiveCfg = Debug|Any CPU
		{AF9BC0B3-3627-4150-8251-AC424A14A263}.Debug|x64.Build.0 = Debug|Any CPU
		{AF9BC0B3-3627-4150-8251-AC424A14A263}.Debug|x86.ActiveCfg = Debug|Any CPU
		{AF9BC0B3-3627-4150-8251-AC424A14A263}.Debug|x86.Build.0 = Debug|Any CPU
		{AF9BC0B3-3627-4150-8251-AC424A14A263}.Release|Any CPU.ActiveCfg = Release|Any CPU
		{AF9BC0B3-3627-4150-8251-AC424A14A263}.Release|Any CPU.Build.0 = Release|Any CPU
		{AF9BC0B3-3627-4150-8251-AC424A14A263}.Release|x64.ActiveCfg = Release|Any CPU
		{AF9BC0B3-3627-4150-8251-AC424A14A263}.Release|x64.Build.0 = Release|Any CPU
		{AF9BC0B3-3627-4150-8251-AC424A14A263}.Release|x86.ActiveCfg = Release|Any CPU
		{AF9BC0B3-3627-4150-8251-AC424A14A263}.Release|x86.Build.0 = Release|Any CPU
		{D2478D26-DDDC-42C1-8358-827FC7952700}.Debug|Any CPU.ActiveCfg = Debug|Any CPU
		{D2478D26-DDDC-42C1-8358-827FC7952700}.Debug|Any CPU.Build.0 = Debug|Any CPU
		{D2478D26-DDDC-42C1-8358-827FC7952700}.Debug|x64.ActiveCfg = Debug|Any CPU
		{D2478D26-DDDC-42C1-8358-827FC7952700}.Debug|x64.Build.0 = Debug|Any CPU
		{D2478D26-DDDC-42C1-8358-827FC7952700}.Debug|x86.ActiveCfg = Debug|Any CPU
		{D2478D26-DDDC-42C1-8358-827FC7952700}.Debug|x86.Build.0 = Debug|Any CPU
		{D2478D26-DDDC-42C1-8358-827FC7952700}.Release|Any CPU.ActiveCfg = Release|Any CPU
		{D2478D26-DDDC-42C1-8358-827FC7952700}.Release|Any CPU.Build.0 = Release|Any CPU
		{D2478D26-DDDC-42C1-8358-827FC7952700}.Release|x64.ActiveCfg = Release|Any CPU
		{D2478D26-DDDC-42C1-8358-827FC7952700}.Release|x64.Build.0 = Release|Any CPU
		{D2478D26-DDDC-42C1-8358-827FC7952700}.Release|x86.ActiveCfg = Release|Any CPU
		{D2478D26-DDDC-42C1-8358-827FC7952700}.Release|x86.Build.0 = Release|Any CPU
		{047804E2-BA19-4E36-A6F6-D8DE5CCBA4CD}.Debug|Any CPU.ActiveCfg = Debug|Any CPU
		{047804E2-BA19-4E36-A6F6-D8DE5CCBA4CD}.Debug|Any CPU.Build.0 = Debug|Any CPU
		{047804E2-BA19-4E36-A6F6-D8DE5CCBA4CD}.Debug|x64.ActiveCfg = Debug|Any CPU
		{047804E2-BA19-4E36-A6F6-D8DE5CCBA4CD}.Debug|x64.Build.0 = Debug|Any CPU
		{047804E2-BA19-4E36-A6F6-D8DE5CCBA4CD}.Debug|x86.ActiveCfg = Debug|Any CPU
		{047804E2-BA19-4E36-A6F6-D8DE5CCBA4CD}.Debug|x86.Build.0 = Debug|Any CPU
		{047804E2-BA19-4E36-A6F6-D8DE5CCBA4CD}.Release|Any CPU.ActiveCfg = Release|Any CPU
		{047804E2-BA19-4E36-A6F6-D8DE5CCBA4CD}.Release|Any CPU.Build.0 = Release|Any CPU
		{047804E2-BA19-4E36-A6F6-D8DE5CCBA4CD}.Release|x64.ActiveCfg = Release|Any CPU
		{047804E2-BA19-4E36-A6F6-D8DE5CCBA4CD}.Release|x64.Build.0 = Release|Any CPU
		{047804E2-BA19-4E36-A6F6-D8DE5CCBA4CD}.Release|x86.ActiveCfg = Release|Any CPU
		{047804E2-BA19-4E36-A6F6-D8DE5CCBA4CD}.Release|x86.Build.0 = Release|Any CPU
		{43A47FC0-AFA8-4AE5-9090-52D1A0C4AFDE}.Debug|Any CPU.ActiveCfg = Debug|Any CPU
		{43A47FC0-AFA8-4AE5-9090-52D1A0C4AFDE}.Debug|Any CPU.Build.0 = Debug|Any CPU
		{43A47FC0-AFA8-4AE5-9090-52D1A0C4AFDE}.Debug|x64.ActiveCfg = Debug|Any CPU
		{43A47FC0-AFA8-4AE5-9090-52D1A0C4AFDE}.Debug|x64.Build.0 = Debug|Any CPU
		{43A47FC0-AFA8-4AE5-9090-52D1A0C4AFDE}.Debug|x86.ActiveCfg = Debug|Any CPU
		{43A47FC0-AFA8-4AE5-9090-52D1A0C4AFDE}.Debug|x86.Build.0 = Debug|Any CPU
		{43A47FC0-AFA8-4AE5-9090-52D1A0C4AFDE}.Release|Any CPU.ActiveCfg = Release|Any CPU
		{43A47FC0-AFA8-4AE5-9090-52D1A0C4AFDE}.Release|Any CPU.Build.0 = Release|Any CPU
		{43A47FC0-AFA8-4AE5-9090-52D1A0C4AFDE}.Release|x64.ActiveCfg = Release|Any CPU
		{43A47FC0-AFA8-4AE5-9090-52D1A0C4AFDE}.Release|x64.Build.0 = Release|Any CPU
		{43A47FC0-AFA8-4AE5-9090-52D1A0C4AFDE}.Release|x86.ActiveCfg = Release|Any CPU
		{43A47FC0-AFA8-4AE5-9090-52D1A0C4AFDE}.Release|x86.Build.0 = Release|Any CPU
		{894C91DF-2747-46C9-B519-E2C5DB0EFD0C}.Debug|Any CPU.ActiveCfg = Debug|Any CPU
		{894C91DF-2747-46C9-B519-E2C5DB0EFD0C}.Debug|Any CPU.Build.0 = Debug|Any CPU
		{894C91DF-2747-46C9-B519-E2C5DB0EFD0C}.Debug|x64.ActiveCfg = Debug|Any CPU
		{894C91DF-2747-46C9-B519-E2C5DB0EFD0C}.Debug|x64.Build.0 = Debug|Any CPU
		{894C91DF-2747-46C9-B519-E2C5DB0EFD0C}.Debug|x86.ActiveCfg = Debug|Any CPU
		{894C91DF-2747-46C9-B519-E2C5DB0EFD0C}.Debug|x86.Build.0 = Debug|Any CPU
		{894C91DF-2747-46C9-B519-E2C5DB0EFD0C}.Release|Any CPU.ActiveCfg = Release|Any CPU
		{894C91DF-2747-46C9-B519-E2C5DB0EFD0C}.Release|Any CPU.Build.0 = Release|Any CPU
		{894C91DF-2747-46C9-B519-E2C5DB0EFD0C}.Release|x64.ActiveCfg = Release|Any CPU
		{894C91DF-2747-46C9-B519-E2C5DB0EFD0C}.Release|x64.Build.0 = Release|Any CPU
		{894C91DF-2747-46C9-B519-E2C5DB0EFD0C}.Release|x86.ActiveCfg = Release|Any CPU
		{894C91DF-2747-46C9-B519-E2C5DB0EFD0C}.Release|x86.Build.0 = Release|Any CPU
		{9BA67FCB-62C3-4AB6-9633-DE5AE375CAD0}.Debug|Any CPU.ActiveCfg = Debug|Any CPU
		{9BA67FCB-62C3-4AB6-9633-DE5AE375CAD0}.Debug|Any CPU.Build.0 = Debug|Any CPU
		{9BA67FCB-62C3-4AB6-9633-DE5AE375CAD0}.Debug|x64.ActiveCfg = Debug|Any CPU
		{9BA67FCB-62C3-4AB6-9633-DE5AE375CAD0}.Debug|x64.Build.0 = Debug|Any CPU
		{9BA67FCB-62C3-4AB6-9633-DE5AE375CAD0}.Debug|x86.ActiveCfg = Debug|Any CPU
		{9BA67FCB-62C3-4AB6-9633-DE5AE375CAD0}.Debug|x86.Build.0 = Debug|Any CPU
		{9BA67FCB-62C3-4AB6-9633-DE5AE375CAD0}.Release|Any CPU.ActiveCfg = Release|Any CPU
		{9BA67FCB-62C3-4AB6-9633-DE5AE375CAD0}.Release|Any CPU.Build.0 = Release|Any CPU
		{9BA67FCB-62C3-4AB6-9633-DE5AE375CAD0}.Release|x64.ActiveCfg = Release|Any CPU
		{9BA67FCB-62C3-4AB6-9633-DE5AE375CAD0}.Release|x64.Build.0 = Release|Any CPU
		{9BA67FCB-62C3-4AB6-9633-DE5AE375CAD0}.Release|x86.ActiveCfg = Release|Any CPU
		{9BA67FCB-62C3-4AB6-9633-DE5AE375CAD0}.Release|x86.Build.0 = Release|Any CPU
		{E380987F-E9C4-4F62-9056-6A759A905C78}.Debug|Any CPU.ActiveCfg = Debug|Any CPU
		{E380987F-E9C4-4F62-9056-6A759A905C78}.Debug|Any CPU.Build.0 = Debug|Any CPU
		{E380987F-E9C4-4F62-9056-6A759A905C78}.Debug|x64.ActiveCfg = Debug|Any CPU
		{E380987F-E9C4-4F62-9056-6A759A905C78}.Debug|x64.Build.0 = Debug|Any CPU
		{E380987F-E9C4-4F62-9056-6A759A905C78}.Debug|x86.ActiveCfg = Debug|Any CPU
		{E380987F-E9C4-4F62-9056-6A759A905C78}.Debug|x86.Build.0 = Debug|Any CPU
		{E380987F-E9C4-4F62-9056-6A759A905C78}.Release|Any CPU.ActiveCfg = Release|Any CPU
		{E380987F-E9C4-4F62-9056-6A759A905C78}.Release|Any CPU.Build.0 = Release|Any CPU
		{E380987F-E9C4-4F62-9056-6A759A905C78}.Release|x64.ActiveCfg = Release|Any CPU
		{E380987F-E9C4-4F62-9056-6A759A905C78}.Release|x64.Build.0 = Release|Any CPU
		{E380987F-E9C4-4F62-9056-6A759A905C78}.Release|x86.ActiveCfg = Release|Any CPU
		{E380987F-E9C4-4F62-9056-6A759A905C78}.Release|x86.Build.0 = Release|Any CPU
		{3D3C50A1-D6DA-4EE5-82E5-C3BBEB9B9693}.Debug|Any CPU.ActiveCfg = Debug|Any CPU
		{3D3C50A1-D6DA-4EE5-82E5-C3BBEB9B9693}.Debug|Any CPU.Build.0 = Debug|Any CPU
		{3D3C50A1-D6DA-4EE5-82E5-C3BBEB9B9693}.Debug|x64.ActiveCfg = Debug|Any CPU
		{3D3C50A1-D6DA-4EE5-82E5-C3BBEB9B9693}.Debug|x64.Build.0 = Debug|Any CPU
		{3D3C50A1-D6DA-4EE5-82E5-C3BBEB9B9693}.Debug|x86.ActiveCfg = Debug|Any CPU
		{3D3C50A1-D6DA-4EE5-82E5-C3BBEB9B9693}.Debug|x86.Build.0 = Debug|Any CPU
		{3D3C50A1-D6DA-4EE5-82E5-C3BBEB9B9693}.Release|Any CPU.ActiveCfg = Release|Any CPU
		{3D3C50A1-D6DA-4EE5-82E5-C3BBEB9B9693}.Release|Any CPU.Build.0 = Release|Any CPU
		{3D3C50A1-D6DA-4EE5-82E5-C3BBEB9B9693}.Release|x64.ActiveCfg = Release|Any CPU
		{3D3C50A1-D6DA-4EE5-82E5-C3BBEB9B9693}.Release|x64.Build.0 = Release|Any CPU
		{3D3C50A1-D6DA-4EE5-82E5-C3BBEB9B9693}.Release|x86.ActiveCfg = Release|Any CPU
		{3D3C50A1-D6DA-4EE5-82E5-C3BBEB9B9693}.Release|x86.Build.0 = Release|Any CPU
		{19A336D9-16F9-4EE4-BE67-715CFF7A92B4}.Debug|Any CPU.ActiveCfg = Debug|Any CPU
		{19A336D9-16F9-4EE4-BE67-715CFF7A92B4}.Debug|Any CPU.Build.0 = Debug|Any CPU
		{19A336D9-16F9-4EE4-BE67-715CFF7A92B4}.Debug|x64.ActiveCfg = Debug|Any CPU
		{19A336D9-16F9-4EE4-BE67-715CFF7A92B4}.Debug|x64.Build.0 = Debug|Any CPU
		{19A336D9-16F9-4EE4-BE67-715CFF7A92B4}.Debug|x86.ActiveCfg = Debug|Any CPU
		{19A336D9-16F9-4EE4-BE67-715CFF7A92B4}.Debug|x86.Build.0 = Debug|Any CPU
		{19A336D9-16F9-4EE4-BE67-715CFF7A92B4}.Release|Any CPU.ActiveCfg = Release|Any CPU
		{19A336D9-16F9-4EE4-BE67-715CFF7A92B4}.Release|Any CPU.Build.0 = Release|Any CPU
		{19A336D9-16F9-4EE4-BE67-715CFF7A92B4}.Release|x64.ActiveCfg = Release|Any CPU
		{19A336D9-16F9-4EE4-BE67-715CFF7A92B4}.Release|x64.Build.0 = Release|Any CPU
		{19A336D9-16F9-4EE4-BE67-715CFF7A92B4}.Release|x86.ActiveCfg = Release|Any CPU
		{19A336D9-16F9-4EE4-BE67-715CFF7A92B4}.Release|x86.Build.0 = Release|Any CPU
		{D5CF76B4-9A2B-4291-A3C0-4E8074626C8A}.Debug|Any CPU.ActiveCfg = Debug|Any CPU
		{D5CF76B4-9A2B-4291-A3C0-4E8074626C8A}.Debug|Any CPU.Build.0 = Debug|Any CPU
		{D5CF76B4-9A2B-4291-A3C0-4E8074626C8A}.Debug|x64.ActiveCfg = Debug|Any CPU
		{D5CF76B4-9A2B-4291-A3C0-4E8074626C8A}.Debug|x64.Build.0 = Debug|Any CPU
		{D5CF76B4-9A2B-4291-A3C0-4E8074626C8A}.Debug|x86.ActiveCfg = Debug|Any CPU
		{D5CF76B4-9A2B-4291-A3C0-4E8074626C8A}.Debug|x86.Build.0 = Debug|Any CPU
		{D5CF76B4-9A2B-4291-A3C0-4E8074626C8A}.Release|Any CPU.ActiveCfg = Release|Any CPU
		{D5CF76B4-9A2B-4291-A3C0-4E8074626C8A}.Release|Any CPU.Build.0 = Release|Any CPU
		{D5CF76B4-9A2B-4291-A3C0-4E8074626C8A}.Release|x64.ActiveCfg = Release|Any CPU
		{D5CF76B4-9A2B-4291-A3C0-4E8074626C8A}.Release|x64.Build.0 = Release|Any CPU
		{D5CF76B4-9A2B-4291-A3C0-4E8074626C8A}.Release|x86.ActiveCfg = Release|Any CPU
		{D5CF76B4-9A2B-4291-A3C0-4E8074626C8A}.Release|x86.Build.0 = Release|Any CPU
	EndGlobalSection
	GlobalSection(SolutionProperties) = preSolution
		HideSolutionNode = FALSE
	EndGlobalSection
	GlobalSection(NestedProjects) = preSolution
		{B9641811-E028-40A6-98A8-346783BA836C} = {CDF26596-2B59-4AE6-882C-54E338D32813}
		{ED414E43-A90C-4FBA-BF2D-8113765D5F0E} = {CDF26596-2B59-4AE6-882C-54E338D32813}
		{6250C081-13F2-4DD8-8069-29CB528057AE} = {CDF26596-2B59-4AE6-882C-54E338D32813}
		{E6C17A6A-02BF-4D79-B2FD-F14504FE028A} = {CDF26596-2B59-4AE6-882C-54E338D32813}
		{F318EAB1-A672-4CAB-99CB-43F025ABADDD} = {CDF26596-2B59-4AE6-882C-54E338D32813}
		{2BCDBA83-BA7F-4519-A71C-75C7054CDFE7} = {787FC5AF-BB9D-49A1-9295-E9A2E6569F67}
		{607C81F6-1EC3-429F-873C-AAA329696D19} = {787FC5AF-BB9D-49A1-9295-E9A2E6569F67}
		{A0CD8EC2-4F1D-49CD-83E8-DD85AD9C8CFB} = {787FC5AF-BB9D-49A1-9295-E9A2E6569F67}
		{01A4297B-1939-4EF4-9386-A64A8BBC334B} = {F8824E93-1FB7-42FE-A98D-9BBAC75468AE}
		{CC811727-EBC2-4641-AC7A-E4B7581D3DD2} = {F8824E93-1FB7-42FE-A98D-9BBAC75468AE}
		{1179DC8E-B91D-4460-B0E0-1FFF620C2417} = {65F115C0-1CC1-4527-82D3-0E8B4B10285C}
		{41B56CCA-6B13-4D12-A6BD-29AA19AC1A32} = {65F115C0-1CC1-4527-82D3-0E8B4B10285C}
		{05423D07-3815-437C-AA01-5755637BA315} = {293F1207-F6A7-44BB-8CE5-B2FCF3FC4AE5}
		{E5A3B787-96AC-4B0E-870A-D00F08AC5E5F} = {787FC5AF-BB9D-49A1-9295-E9A2E6569F67}
		{AF9BC0B3-3627-4150-8251-AC424A14A263} = {293F1207-F6A7-44BB-8CE5-B2FCF3FC4AE5}
		{D2478D26-DDDC-42C1-8358-827FC7952700} = {293F1207-F6A7-44BB-8CE5-B2FCF3FC4AE5}
		{047804E2-BA19-4E36-A6F6-D8DE5CCBA4CD} = {293F1207-F6A7-44BB-8CE5-B2FCF3FC4AE5}
		{43A47FC0-AFA8-4AE5-9090-52D1A0C4AFDE} = {293F1207-F6A7-44BB-8CE5-B2FCF3FC4AE5}
		{894C91DF-2747-46C9-B519-E2C5DB0EFD0C} = {293F1207-F6A7-44BB-8CE5-B2FCF3FC4AE5}
		{9BA67FCB-62C3-4AB6-9633-DE5AE375CAD0} = {293F1207-F6A7-44BB-8CE5-B2FCF3FC4AE5}
		{E380987F-E9C4-4F62-9056-6A759A905C78} = {65F115C0-1CC1-4527-82D3-0E8B4B10285C}
		{3D3C50A1-D6DA-4EE5-82E5-C3BBEB9B9693} = {293F1207-F6A7-44BB-8CE5-B2FCF3FC4AE5}
		{19A336D9-16F9-4EE4-BE67-715CFF7A92B4} = {293F1207-F6A7-44BB-8CE5-B2FCF3FC4AE5}
		{D5CF76B4-9A2B-4291-A3C0-4E8074626C8A} = {65F115C0-1CC1-4527-82D3-0E8B4B10285C}
	EndGlobalSection
EndGlobal
