
Microsoft Visual Studio Solution File, Format Version 12.00
# Visual Studio 2013
VisualStudioVersion = 12.0.31101.0
MinimumVisualStudioVersion = 10.0.40219.1
Project("{FAE04EC0-301F-11D3-BF4B-00C04F79EFBC}") = "Chartoscope.UnitTests", "Chartoscope.UnitTests\Chartoscope.UnitTests.csproj", "{59E0EE18-F4E7-4247-A65C-1F569049C3A3}"
EndProject
Project("{FAE04EC0-301F-11D3-BF4B-00C04F79EFBC}") = "Chartoscope.Persistence", "Chartoscope.Persistence\Chartoscope.Persistence.csproj", "{0184D4E6-E526-4FFC-8B04-0CFFFC86792C}"
EndProject
Project("{FAE04EC0-301F-11D3-BF4B-00C04F79EFBC}") = "Chartoscope.Common", "Chartoscope.Common\Chartoscope.Common.csproj", "{BD5778AC-A4D7-4D85-A1FA-649660028D41}"
EndProject
Project("{FAE04EC0-301F-11D3-BF4B-00C04F79EFBC}") = "Chartoscope.Indicators", "Chartoscope.Indicators\Chartoscope.Indicators.csproj", "{77181665-D1E7-48B6-8C70-1153D3977476}"
EndProject
Project("{FAE04EC0-301F-11D3-BF4B-00C04F79EFBC}") = "Chartoscope.Brokers", "Chartoscope.Brokers\Chartoscope.Brokers.csproj", "{93730A00-12D8-4A2A-BDA1-416A234DADAF}"
EndProject
Project("{FAE04EC0-301F-11D3-BF4B-00C04F79EFBC}") = "Chartoscope.Chartist", "Chartoscope.Chartist\Chartoscope.Chartist.csproj", "{7538F15A-4BDD-4FB8-9997-FAAD5BBB8A69}"
EndProject
Project("{FAE04EC0-301F-11D3-BF4B-00C04F79EFBC}") = "Chartoscope.Toolbox", "Chartoscope.Toolbox\Chartoscope.Toolbox.csproj", "{CC446A5E-E68C-4EFA-BE16-C8E5EE06F31F}"
EndProject
Project("{FAE04EC0-301F-11D3-BF4B-00C04F79EFBC}") = "Chartoscope.Signals", "Chartoscope.Signals\Chartoscope.Signals.csproj", "{0EDD9491-C62D-48EE-9B8C-33F5EEEF4B13}"
EndProject
Project("{FAE04EC0-301F-11D3-BF4B-00C04F79EFBC}") = "Chartoscope.Services", "Chartoscope.Services\Chartoscope.Services.csproj", "{685F13C1-7911-4E66-953B-EBDCED5D6530}"
EndProject
Project("{FAE04EC0-301F-11D3-BF4B-00C04F79EFBC}") = "Chartoscope.Caching", "Chartoscope.Caching\Chartoscope.Caching.csproj", "{23481E0D-DBCD-4A91-B395-141C4894FBE4}"
EndProject
Project("{FAE04EC0-301F-11D3-BF4B-00C04F79EFBC}") = "Chartoscope.Strategies", "Chartoscope.Strategies\Chartoscope.Strategies.csproj", "{1B56FFFF-61A0-4BF5-BEA0-E25BDFB72796}"
EndProject
Global
	GlobalSection(SolutionConfigurationPlatforms) = preSolution
		Debug|Any CPU = Debug|Any CPU
		Release|Any CPU = Release|Any CPU
	EndGlobalSection
	GlobalSection(ProjectConfigurationPlatforms) = postSolution
		{59E0EE18-F4E7-4247-A65C-1F569049C3A3}.Debug|Any CPU.ActiveCfg = Debug|Any CPU
		{59E0EE18-F4E7-4247-A65C-1F569049C3A3}.Debug|Any CPU.Build.0 = Debug|Any CPU
		{59E0EE18-F4E7-4247-A65C-1F569049C3A3}.Release|Any CPU.ActiveCfg = Release|Any CPU
		{59E0EE18-F4E7-4247-A65C-1F569049C3A3}.Release|Any CPU.Build.0 = Release|Any CPU
		{0184D4E6-E526-4FFC-8B04-0CFFFC86792C}.Debug|Any CPU.ActiveCfg = Debug|Any CPU
		{0184D4E6-E526-4FFC-8B04-0CFFFC86792C}.Debug|Any CPU.Build.0 = Debug|Any CPU
		{0184D4E6-E526-4FFC-8B04-0CFFFC86792C}.Release|Any CPU.ActiveCfg = Release|Any CPU
		{0184D4E6-E526-4FFC-8B04-0CFFFC86792C}.Release|Any CPU.Build.0 = Release|Any CPU
		{BD5778AC-A4D7-4D85-A1FA-649660028D41}.Debug|Any CPU.ActiveCfg = Debug|Any CPU
		{BD5778AC-A4D7-4D85-A1FA-649660028D41}.Debug|Any CPU.Build.0 = Debug|Any CPU
		{BD5778AC-A4D7-4D85-A1FA-649660028D41}.Release|Any CPU.ActiveCfg = Release|Any CPU
		{BD5778AC-A4D7-4D85-A1FA-649660028D41}.Release|Any CPU.Build.0 = Release|Any CPU
		{77181665-D1E7-48B6-8C70-1153D3977476}.Debug|Any CPU.ActiveCfg = Debug|Any CPU
		{77181665-D1E7-48B6-8C70-1153D3977476}.Debug|Any CPU.Build.0 = Debug|Any CPU
		{77181665-D1E7-48B6-8C70-1153D3977476}.Release|Any CPU.ActiveCfg = Release|Any CPU
		{77181665-D1E7-48B6-8C70-1153D3977476}.Release|Any CPU.Build.0 = Release|Any CPU
		{93730A00-12D8-4A2A-BDA1-416A234DADAF}.Debug|Any CPU.ActiveCfg = Debug|Any CPU
		{93730A00-12D8-4A2A-BDA1-416A234DADAF}.Debug|Any CPU.Build.0 = Debug|Any CPU
		{93730A00-12D8-4A2A-BDA1-416A234DADAF}.Release|Any CPU.ActiveCfg = Release|Any CPU
		{93730A00-12D8-4A2A-BDA1-416A234DADAF}.Release|Any CPU.Build.0 = Release|Any CPU
		{7538F15A-4BDD-4FB8-9997-FAAD5BBB8A69}.Debug|Any CPU.ActiveCfg = Debug|Any CPU
		{7538F15A-4BDD-4FB8-9997-FAAD5BBB8A69}.Debug|Any CPU.Build.0 = Debug|Any CPU
		{7538F15A-4BDD-4FB8-9997-FAAD5BBB8A69}.Release|Any CPU.ActiveCfg = Release|Any CPU
		{7538F15A-4BDD-4FB8-9997-FAAD5BBB8A69}.Release|Any CPU.Build.0 = Release|Any CPU
		{CC446A5E-E68C-4EFA-BE16-C8E5EE06F31F}.Debug|Any CPU.ActiveCfg = Debug|Any CPU
		{CC446A5E-E68C-4EFA-BE16-C8E5EE06F31F}.Debug|Any CPU.Build.0 = Debug|Any CPU
		{CC446A5E-E68C-4EFA-BE16-C8E5EE06F31F}.Release|Any CPU.ActiveCfg = Release|Any CPU
		{CC446A5E-E68C-4EFA-BE16-C8E5EE06F31F}.Release|Any CPU.Build.0 = Release|Any CPU
		{0EDD9491-C62D-48EE-9B8C-33F5EEEF4B13}.Debug|Any CPU.ActiveCfg = Debug|Any CPU
		{0EDD9491-C62D-48EE-9B8C-33F5EEEF4B13}.Debug|Any CPU.Build.0 = Debug|Any CPU
		{0EDD9491-C62D-48EE-9B8C-33F5EEEF4B13}.Release|Any CPU.ActiveCfg = Release|Any CPU
		{0EDD9491-C62D-48EE-9B8C-33F5EEEF4B13}.Release|Any CPU.Build.0 = Release|Any CPU
		{685F13C1-7911-4E66-953B-EBDCED5D6530}.Debug|Any CPU.ActiveCfg = Debug|Any CPU
		{685F13C1-7911-4E66-953B-EBDCED5D6530}.Debug|Any CPU.Build.0 = Debug|Any CPU
		{685F13C1-7911-4E66-953B-EBDCED5D6530}.Release|Any CPU.ActiveCfg = Release|Any CPU
		{685F13C1-7911-4E66-953B-EBDCED5D6530}.Release|Any CPU.Build.0 = Release|Any CPU
		{23481E0D-DBCD-4A91-B395-141C4894FBE4}.Debug|Any CPU.ActiveCfg = Debug|Any CPU
		{23481E0D-DBCD-4A91-B395-141C4894FBE4}.Debug|Any CPU.Build.0 = Debug|Any CPU
		{23481E0D-DBCD-4A91-B395-141C4894FBE4}.Release|Any CPU.ActiveCfg = Release|Any CPU
		{23481E0D-DBCD-4A91-B395-141C4894FBE4}.Release|Any CPU.Build.0 = Release|Any CPU
		{1B56FFFF-61A0-4BF5-BEA0-E25BDFB72796}.Debug|Any CPU.ActiveCfg = Debug|Any CPU
		{1B56FFFF-61A0-4BF5-BEA0-E25BDFB72796}.Debug|Any CPU.Build.0 = Debug|Any CPU
		{1B56FFFF-61A0-4BF5-BEA0-E25BDFB72796}.Release|Any CPU.ActiveCfg = Release|Any CPU
		{1B56FFFF-61A0-4BF5-BEA0-E25BDFB72796}.Release|Any CPU.Build.0 = Release|Any CPU
	EndGlobalSection
	GlobalSection(SolutionProperties) = preSolution
		HideSolutionNode = FALSE
	EndGlobalSection
EndGlobal
